
Microsoft Visual Studio Solution File, Format Version 12.00
# Visual Studio Version 17
VisualStudioVersion = 17.10.34928.147
MinimumVisualStudioVersion = 10.0.40219.1
Project("{FAE04EC0-301F-11D3-BF4B-00C04F79EFBC}") = "TinhTongMang", "TinhTongMang\TinhTongMang.csproj", "{260C2A18-B8CE-4242-B41B-C954FAEEDAC8}"
EndProject
Project("{FAE04EC0-301F-11D3-BF4B-00C04F79EFBC}") = "QuickSort", "QuickSort\QuickSort.csproj", "{9E6DFA50-AC2C-4B0A-BAE1-5CEE819BF60A}"
EndProject
Project("{FAE04EC0-301F-11D3-BF4B-00C04F79EFBC}") = "Binary Search", "Binary Search\Binary Search.csproj", "{D556D6E1-8DED-4EB8-BBEC-44D3AE85CF9B}"
EndProject
Global
	GlobalSection(SolutionConfigurationPlatforms) = preSolution
		Debug|Any CPU = Debug|Any CPU
		Release|Any CPU = Release|Any CPU
	EndGlobalSection
	GlobalSection(ProjectConfigurationPlatforms) = postSolution
		{260C2A18-B8CE-4242-B41B-C954FAEEDAC8}.Debug|Any CPU.ActiveCfg = Debug|Any CPU
		{260C2A18-B8CE-4242-B41B-C954FAEEDAC8}.Debug|Any CPU.Build.0 = Debug|Any CPU
		{260C2A18-B8CE-4242-B41B-C954FAEEDAC8}.Release|Any CPU.ActiveCfg = Release|Any CPU
		{260C2A18-B8CE-4242-B41B-C954FAEEDAC8}.Release|Any CPU.Build.0 = Release|Any CPU
		{9E6DFA50-AC2C-4B0A-BAE1-5CEE819BF60A}.Debug|Any CPU.ActiveCfg = Debug|Any CPU
		{9E6DFA50-AC2C-4B0A-BAE1-5CEE819BF60A}.Debug|Any CPU.Build.0 = Debug|Any CPU
		{9E6DFA50-AC2C-4B0A-BAE1-5CEE819BF60A}.Release|Any CPU.ActiveCfg = Release|Any CPU
		{9E6DFA50-AC2C-4B0A-BAE1-5CEE819BF60A}.Release|Any CPU.Build.0 = Release|Any CPU
		{D556D6E1-8DED-4EB8-BBEC-44D3AE85CF9B}.Debug|Any CPU.ActiveCfg = Debug|Any CPU
		{D556D6E1-8DED-4EB8-BBEC-44D3AE85CF9B}.Debug|Any CPU.Build.0 = Debug|Any CPU
		{D556D6E1-8DED-4EB8-BBEC-44D3AE85CF9B}.Release|Any CPU.ActiveCfg = Release|Any CPU
		{D556D6E1-8DED-4EB8-BBEC-44D3AE85CF9B}.Release|Any CPU.Build.0 = Release|Any CPU
	EndGlobalSection
	GlobalSection(SolutionProperties) = preSolution
		HideSolutionNode = FALSE
	EndGlobalSection
	GlobalSection(ExtensibilityGlobals) = postSolution
		SolutionGuid = {8CE92121-D275-4080-B852-7B364C787378}
	EndGlobalSection
EndGlobal
